
Microsoft Visual Studio Solution File, Format Version 12.00
# Visual Studio 15
VisualStudioVersion = 15.0.27004.2008
MinimumVisualStudioVersion = 10.0.40219.1
Project("{8BC9CEB8-8B4A-11D0-8D11-00A0C91BC942}") = "Ryu Engine", "Ryu Engine\Ryu Engine.vcxproj", "{945260ED-F0CB-4302-96AA-2B5D442B37AB}"
EndProject
Global
	GlobalSection(SolutionConfigurationPlatforms) = preSolution
		Debug|x64 = Debug|x64
		Debug|x86 = Debug|x86
		Release|x64 = Release|x64
		Release|x86 = Release|x86
	EndGlobalSection
	GlobalSection(ProjectConfigurationPlatforms) = postSolution
		{945260ED-F0CB-4302-96AA-2B5D442B37AB}.Debug|x64.ActiveCfg = Debug|x64
		{945260ED-F0CB-4302-96AA-2B5D442B37AB}.Debug|x64.Build.0 = Debug|x64
		{945260ED-F0CB-4302-96AA-2B5D442B37AB}.Debug|x86.ActiveCfg = Debug|Win32
		{945260ED-F0CB-4302-96AA-2B5D442B37AB}.Debug|x86.Build.0 = Debug|Win32
		{945260ED-F0CB-4302-96AA-2B5D442B37AB}.Release|x64.ActiveCfg = Release|x64
		{945260ED-F0CB-4302-96AA-2B5D442B37AB}.Release|x64.Build.0 = Release|x64
		{945260ED-F0CB-4302-96AA-2B5D442B37AB}.Release|x86.ActiveCfg = Release|Win32
		{945260ED-F0CB-4302-96AA-2B5D442B37AB}.Release|x86.Build.0 = Release|Win32
	EndGlobalSection
	GlobalSection(SolutionProperties) = preSolution
		HideSolutionNode = FALSE
	EndGlobalSection
	GlobalSection(ExtensibilityGlobals) = postSolution
		SolutionGuid = {F1EDF506-0315-41B0-8D89-7E05CB91B777}
	EndGlobalSection
EndGlobal
